
Microsoft Visual Studio Solution File, Format Version 12.00
# Visual Studio Version 16
VisualStudioVersion = 16.0.31515.178
MinimumVisualStudioVersion = 10.0.40219.1
Project("{2150E333-8FDC-42A3-9474-1A3956D46DE8}") = "Services", "Services", "{AE305BD8-E79B-4EB6-86EB-1AD7DA64B21B}"
EndProject
Project("{2150E333-8FDC-42A3-9474-1A3956D46DE8}") = "Catalog", "Catalog", "{9B3557EB-0207-45D6-905C-6294A52884C5}"
EndProject
Project("{9A19103F-16F7-4668-BE54-9A1E7A4F7556}") = "Catalog.API", "Services\Catalog\Catalog.API\Catalog.API.csproj", "{46D82D24-2361-4858-82CF-C9170B686128}"
EndProject
Project("{E53339B2-1760-4266-BCC7-CA923CBCF16C}") = "docker-compose", "docker-compose.dcproj", "{D9ADC90B-0FBE-4112-818B-F4B3E3563E26}"
EndProject
Project("{2150E333-8FDC-42A3-9474-1A3956D46DE8}") = "Basket", "Basket", "{A3F443E6-8FCA-4D6B-8F0A-1CCA8F977F38}"
EndProject
Project("{9A19103F-16F7-4668-BE54-9A1E7A4F7556}") = "Basket.API", "Services\Basket\Basket.API\Basket.API.csproj", "{552FFAFF-9058-4EB4-A51F-2999DCBEE1D5}"
EndProject
Project("{2150E333-8FDC-42A3-9474-1A3956D46DE8}") = "Discount", "Discount", "{D076C413-B858-4EEB-8978-DF6B40EAD478}"
EndProject
Project("{9A19103F-16F7-4668-BE54-9A1E7A4F7556}") = "Discount.API", "Services\Discount\Discount.API\Discount.API.csproj", "{3A45307E-A919-44B2-9F4C-7FA7366DBC67}"
EndProject
Project("{9A19103F-16F7-4668-BE54-9A1E7A4F7556}") = "Discount.Grpc", "Services\Discount\Discount.Grpc\Discount.Grpc.csproj", "{BACA1C39-45DF-4046-912F-CDE1B355D808}"
EndProject
Project("{2150E333-8FDC-42A3-9474-1A3956D46DE8}") = "Ordering", "Ordering", "{F0AAE1A8-2E36-4CD0-9335-CABE4D58D5F7}"
EndProject
Project("{FAE04EC0-301F-11D3-BF4B-00C04F79EFBC}") = "Ordering.API", "Services\Ordering\Ordering.API\Ordering.API.csproj", "{52B0F30E-107A-4345-BA81-B36A78D3A23B}"
EndProject
Global
	GlobalSection(SolutionConfigurationPlatforms) = preSolution
		Debug|Any CPU = Debug|Any CPU
		Release|Any CPU = Release|Any CPU
	EndGlobalSection
	GlobalSection(ProjectConfigurationPlatforms) = postSolution
		{46D82D24-2361-4858-82CF-C9170B686128}.Debug|Any CPU.ActiveCfg = Debug|Any CPU
		{46D82D24-2361-4858-82CF-C9170B686128}.Debug|Any CPU.Build.0 = Debug|Any CPU
		{46D82D24-2361-4858-82CF-C9170B686128}.Release|Any CPU.ActiveCfg = Release|Any CPU
		{46D82D24-2361-4858-82CF-C9170B686128}.Release|Any CPU.Build.0 = Release|Any CPU
		{D9ADC90B-0FBE-4112-818B-F4B3E3563E26}.Debug|Any CPU.ActiveCfg = Debug|Any CPU
		{D9ADC90B-0FBE-4112-818B-F4B3E3563E26}.Debug|Any CPU.Build.0 = Debug|Any CPU
		{D9ADC90B-0FBE-4112-818B-F4B3E3563E26}.Release|Any CPU.ActiveCfg = Release|Any CPU
		{D9ADC90B-0FBE-4112-818B-F4B3E3563E26}.Release|Any CPU.Build.0 = Release|Any CPU
		{552FFAFF-9058-4EB4-A51F-2999DCBEE1D5}.Debug|Any CPU.ActiveCfg = Debug|Any CPU
		{552FFAFF-9058-4EB4-A51F-2999DCBEE1D5}.Debug|Any CPU.Build.0 = Debug|Any CPU
		{552FFAFF-9058-4EB4-A51F-2999DCBEE1D5}.Release|Any CPU.ActiveCfg = Release|Any CPU
		{552FFAFF-9058-4EB4-A51F-2999DCBEE1D5}.Release|Any CPU.Build.0 = Release|Any CPU
		{3A45307E-A919-44B2-9F4C-7FA7366DBC67}.Debug|Any CPU.ActiveCfg = Debug|Any CPU
		{3A45307E-A919-44B2-9F4C-7FA7366DBC67}.Debug|Any CPU.Build.0 = Debug|Any CPU
		{3A45307E-A919-44B2-9F4C-7FA7366DBC67}.Release|Any CPU.ActiveCfg = Release|Any CPU
		{3A45307E-A919-44B2-9F4C-7FA7366DBC67}.Release|Any CPU.Build.0 = Release|Any CPU
		{BACA1C39-45DF-4046-912F-CDE1B355D808}.Debug|Any CPU.ActiveCfg = Debug|Any CPU
		{BACA1C39-45DF-4046-912F-CDE1B355D808}.Debug|Any CPU.Build.0 = Debug|Any CPU
		{BACA1C39-45DF-4046-912F-CDE1B355D808}.Release|Any CPU.ActiveCfg = Release|Any CPU
		{BACA1C39-45DF-4046-912F-CDE1B355D808}.Release|Any CPU.Build.0 = Release|Any CPU
		{52B0F30E-107A-4345-BA81-B36A78D3A23B}.Debug|Any CPU.ActiveCfg = Debug|Any CPU
		{52B0F30E-107A-4345-BA81-B36A78D3A23B}.Debug|Any CPU.Build.0 = Debug|Any CPU
		{52B0F30E-107A-4345-BA81-B36A78D3A23B}.Release|Any CPU.ActiveCfg = Release|Any CPU
		{52B0F30E-107A-4345-BA81-B36A78D3A23B}.Release|Any CPU.Build.0 = Release|Any CPU
	EndGlobalSection
	GlobalSection(SolutionProperties) = preSolution
		HideSolutionNode = FALSE
	EndGlobalSection
	GlobalSection(NestedProjects) = preSolution
		{9B3557EB-0207-45D6-905C-6294A52884C5} = {AE305BD8-E79B-4EB6-86EB-1AD7DA64B21B}
		{46D82D24-2361-4858-82CF-C9170B686128} = {9B3557EB-0207-45D6-905C-6294A52884C5}
		{A3F443E6-8FCA-4D6B-8F0A-1CCA8F977F38} = {AE305BD8-E79B-4EB6-86EB-1AD7DA64B21B}
		{552FFAFF-9058-4EB4-A51F-2999DCBEE1D5} = {A3F443E6-8FCA-4D6B-8F0A-1CCA8F977F38}
		{D076C413-B858-4EEB-8978-DF6B40EAD478} = {AE305BD8-E79B-4EB6-86EB-1AD7DA64B21B}
		{3A45307E-A919-44B2-9F4C-7FA7366DBC67} = {D076C413-B858-4EEB-8978-DF6B40EAD478}
		{BACA1C39-45DF-4046-912F-CDE1B355D808} = {D076C413-B858-4EEB-8978-DF6B40EAD478}
		{F0AAE1A8-2E36-4CD0-9335-CABE4D58D5F7} = {AE305BD8-E79B-4EB6-86EB-1AD7DA64B21B}
		{52B0F30E-107A-4345-BA81-B36A78D3A23B} = {F0AAE1A8-2E36-4CD0-9335-CABE4D58D5F7}
	EndGlobalSection
	GlobalSection(ExtensibilityGlobals) = postSolution
		SolutionGuid = {516AE49D-F334-47CE-8A7A-1D642B3FDB6C}
	EndGlobalSection
EndGlobal
